{
  "nodes": {
    "flake-utils": {
      "locked": {
        "lastModified": 1595410516,
        "narHash": "sha256-8lKGIGTyo1uVfdT0TXEJk9YAR/Tw08sRA/VLOm9ewco=",
        "owner": "numtide",
        "repo": "flake-utils",
        "rev": "8e1f14e82dcd87f484a5024a86e52399b1061416",
        "type": "github"
      },
      "original": {
        "owner": "numtide",
        "repo": "flake-utils",
        "type": "github"
      }
    },
    "nixpkgs": {
      "locked": {
        "lastModified": 1596223965,
        "narHash": "sha256-nlnq5zUPB8tX/0Lyw0DfQZ5J/sNJYGE67zAIayBDwg4=",
        "owner": "NixOS",
        "repo": "nixpkgs",
        "rev": "102fa5492c071f634b9c741e137551c2d93216e2",
        "type": "github"
      },
      "original": {
        "id": "nixpkgs",
        "type": "indirect"
      }
    },
    "root": {
      "inputs": {
        "flake-utils": "flake-utils",
        "nixpkgs": "nixpkgs"
      }
    }
  },
  "root": "root",
  "version": 7
}
