{
  "nodes": {
    "flake-utils": {
      "info": {
        "lastModified": 1590791977,
        "narHash": "sha256-l26u9vRsdV9jkoBGlzFxTKLKtrZ38xCMZIG9h9ibFjQ="
      },
      "locked": {
        "owner": "numtide",
        "repo": "flake-utils",
        "rev": "4fbce19a7a9647154a35f0e856d52171c41e14a4",
        "type": "github"
      },
      "original": {
        "owner": "numtide",
        "repo": "flake-utils",
        "type": "github"
      }
    },
    "nixpkgs": {
      "info": {
        "lastModified": 1592689294,
        "narHash": "sha256-Wl+sfOT8flgxsyhFZbudgDfc9Ve0GyiR1t0teBY/Kmo="
      },
      "locked": {
        "owner": "NixOS",
        "repo": "nixpkgs",
        "rev": "6e73d3bb86c10d23b481fcab53ba2a9a6cc63376",
        "type": "github"
      },
      "original": {
        "id": "nixpkgs",
        "type": "indirect"
      }
    },
    "root": {
      "inputs": {
        "flake-utils": "flake-utils",
        "nixpkgs": "nixpkgs"
      }
    }
  },
  "root": "root",
  "version": 5
}
